
Microsoft Visual Studio Solution File, Format Version 12.00
# Visual Studio Version 17
VisualStudioVersion = 17.3.32819.101
MinimumVisualStudioVersion = 10.0.40219.1
Project("{FAE04EC0-301F-11D3-BF4B-00C04F79EFBC}") = "NZWalksAPI", "NZWalksAPI\NZWalksAPI.csproj", "{DBA3A5C5-3681-49FB-85A0-244053FBDB8A}"
EndProject
Global
	GlobalSection(SolutionConfigurationPlatforms) = preSolution
		Debug|Any CPU = Debug|Any CPU
		Release|Any CPU = Release|Any CPU
	EndGlobalSection
	GlobalSection(ProjectConfigurationPlatforms) = postSolution
		{DBA3A5C5-3681-49FB-85A0-244053FBDB8A}.Debug|Any CPU.ActiveCfg = Debug|Any CPU
		{DBA3A5C5-3681-49FB-85A0-244053FBDB8A}.Debug|Any CPU.Build.0 = Debug|Any CPU
		{DBA3A5C5-3681-49FB-85A0-244053FBDB8A}.Release|Any CPU.ActiveCfg = Release|Any CPU
		{DBA3A5C5-3681-49FB-85A0-244053FBDB8A}.Release|Any CPU.Build.0 = Release|Any CPU
	EndGlobalSection
	GlobalSection(SolutionProperties) = preSolution
		HideSolutionNode = FALSE
	EndGlobalSection
	GlobalSection(ExtensibilityGlobals) = postSolution
		SolutionGuid = {B6ACC253-F608-45CE-B5BB-D6799F116953}
	EndGlobalSection
EndGlobal
